{
  "nodes": {
    "agenix": {
      "inputs": {
        "nixpkgs": [
          "nixpkgs"
        ]
      },
      "locked": {
        "lastModified": 1652712410,
        "narHash": "sha256-hMJ2TqLt0DleEnQFGUHK9sV2aAzJPU8pZeiZoqRozbE=",
        "owner": "ryantm",
        "repo": "agenix",
        "rev": "7e5e58b98c3dcbf497543ff6f22591552ebfe65b",
        "type": "github"
      },
      "original": {
        "owner": "ryantm",
        "repo": "agenix",
        "type": "github"
      }
    },
    "devshell": {
      "inputs": {
        "flake-utils": "flake-utils",
        "nixpkgs": [
          "nixpkgs"
        ]
      },
      "locked": {
        "lastModified": 1654858401,
        "narHash": "sha256-53bw34DtVJ2bnF6WEwy6Tym+qY0pNEiEwARUlvmTZjs=",
        "owner": "numtide",
        "repo": "devshell",
        "rev": "f55e05c6d3bbe9acc7363bc8fc739518b2f02976",
        "type": "github"
      },
      "original": {
        "owner": "numtide",
        "repo": "devshell",
        "type": "github"
      }
    },
    "flake-utils": {
      "locked": {
        "lastModified": 1642700792,
        "narHash": "sha256-XqHrk7hFb+zBvRg6Ghl+AZDq03ov6OshJLiSWOoX5es=",
        "owner": "numtide",
        "repo": "flake-utils",
        "rev": "846b2ae0fc4cc943637d3d1def4454213e203cba",
        "type": "github"
      },
      "original": {
        "owner": "numtide",
        "repo": "flake-utils",
        "type": "github"
      }
    },
    "flake-utils_2": {
      "locked": {
        "lastModified": 1653893745,
        "narHash": "sha256-0jntwV3Z8//YwuOjzhV2sgJJPt+HY6KhU7VZUL0fKZQ=",
        "owner": "numtide",
        "repo": "flake-utils",
        "rev": "1ed9fb1935d260de5fe1c2f7ee0ebaae17ed2fa1",
        "type": "github"
      },
      "original": {
        "owner": "numtide",
        "repo": "flake-utils",
        "type": "github"
      }
    },
    "home-manager": {
      "inputs": {
        "nixpkgs": [
          "nixpkgs"
        ]
      },
      "locked": {
        "lastModified": 1654113405,
        "narHash": "sha256-VpK+0QaWG2JRgB00lw77N9TjkE3ec0iMYIX1TzGpxa4=",
        "owner": "nix-community",
        "repo": "home-manager",
        "rev": "ac2287df5a2d6f0a44bbcbd11701dbbf6ec43675",
        "type": "github"
      },
      "original": {
        "owner": "nix-community",
        "ref": "release-22.05",
        "repo": "home-manager",
        "type": "github"
      }
    },
    "nixos-hardware": {
      "locked": {
        "lastModified": 1655789751,
        "narHash": "sha256-DbL2gn7YwkuX10OdlWfZ/A7zEJztwHh9NMeau1JMTdk=",
        "owner": "NixOS",
        "repo": "nixos-hardware",
        "rev": "f9d8dff4e621f2d7f2b84d9e84bc6359715f971c",
        "type": "github"
      },
      "original": {
        "owner": "NixOS",
        "repo": "nixos-hardware",
        "type": "github"
      }
    },
    "nixpkgs": {
      "locked": {
        "lastModified": 1655643053,
        "narHash": "sha256-8PMDEr44DwH45PbBijtQcAPyC4Ap+sOO5wK0y5lFvyY=",
        "owner": "NixOS",
        "repo": "nixpkgs",
        "rev": "5afb1b7dcf46c4ded5719525a42879b35363862c",
        "type": "github"
      },
      "original": {
        "id": "nixpkgs",
        "ref": "nixos-22.05",
        "type": "indirect"
      }
    },
    "root": {
      "inputs": {
        "agenix": "agenix",
        "devshell": "devshell",
        "flake-utils": "flake-utils_2",
        "home-manager": "home-manager",
        "nixos-hardware": "nixos-hardware",
        "nixpkgs": "nixpkgs"
      }
    }
  },
  "root": "root",
  "version": 7
}
