{
  "nodes": {
    "agenix": {
      "inputs": {
        "nixpkgs": [
          "nixpkgs"
        ]
      },
      "locked": {
        "lastModified": 1664140963,
        "narHash": "sha256-pFxDtOLduRFlol0Y4ShE+soRQX4kbhaCNBtDOvx7ykw=",
        "owner": "ryantm",
        "repo": "agenix",
        "rev": "6acb1fe5f8597d5ce63fc82bc7fcac7774b1cdf0",
        "type": "github"
      },
      "original": {
        "owner": "ryantm",
        "repo": "agenix",
        "type": "github"
      }
    },
    "devshell": {
      "inputs": {
        "flake-utils": "flake-utils",
        "nixpkgs": [
          "nixpkgs"
        ]
      },
      "locked": {
        "lastModified": 1663445644,
        "narHash": "sha256-+xVlcK60x7VY1vRJbNUEAHi17ZuoQxAIH4S4iUFUGBA=",
        "owner": "numtide",
        "repo": "devshell",
        "rev": "e3dc3e21594fe07bdb24bdf1c8657acaa4cb8f66",
        "type": "github"
      },
      "original": {
        "owner": "numtide",
        "repo": "devshell",
        "type": "github"
      }
    },
    "flake-utils": {
      "locked": {
        "lastModified": 1642700792,
        "narHash": "sha256-XqHrk7hFb+zBvRg6Ghl+AZDq03ov6OshJLiSWOoX5es=",
        "owner": "numtide",
        "repo": "flake-utils",
        "rev": "846b2ae0fc4cc943637d3d1def4454213e203cba",
        "type": "github"
      },
      "original": {
        "owner": "numtide",
        "repo": "flake-utils",
        "type": "github"
      }
    },
    "flake-utils_2": {
      "locked": {
        "lastModified": 1659877975,
        "narHash": "sha256-zllb8aq3YO3h8B/U0/J1WBgAL8EX5yWf5pMj3G0NAmc=",
        "owner": "numtide",
        "repo": "flake-utils",
        "rev": "c0e246b9b83f637f4681389ecabcb2681b4f3af0",
        "type": "github"
      },
      "original": {
        "owner": "numtide",
        "repo": "flake-utils",
        "type": "github"
      }
    },
    "home-manager": {
      "inputs": {
        "nixpkgs": [
          "nixpkgs"
        ]
      },
      "locked": {
        "lastModified": 1656169755,
        "narHash": "sha256-Nlnm4jeQWEGjYrE6hxi/7HYHjBSZ/E0RtjCYifnNsWk=",
        "owner": "nix-community",
        "repo": "home-manager",
        "rev": "4a3d01fb53f52ac83194081272795aa4612c2381",
        "type": "github"
      },
      "original": {
        "owner": "nix-community",
        "ref": "release-22.05",
        "repo": "home-manager",
        "type": "github"
      }
    },
    "nixos-hardware": {
      "locked": {
        "lastModified": 1665321371,
        "narHash": "sha256-0SO6MTW0bX6lxZmz1AZW/Xmk+hnTd7/hp1vF7Tp7jg0=",
        "owner": "NixOS",
        "repo": "nixos-hardware",
        "rev": "236ba4df714131059945d7754c0aa3fbe9d2f74c",
        "type": "github"
      },
      "original": {
        "owner": "NixOS",
        "repo": "nixos-hardware",
        "type": "github"
      }
    },
    "nixpkgs": {
      "locked": {
        "lastModified": 1665132027,
        "narHash": "sha256-zoHPqSQSENt96zTk6Mt1AP+dMNqQDshXKQ4I6MfjP80=",
        "owner": "NixOS",
        "repo": "nixpkgs",
        "rev": "9ecc270f02b09b2f6a76b98488554dd842797357",
        "type": "github"
      },
      "original": {
        "id": "nixpkgs",
        "ref": "nixos-22.05",
        "type": "indirect"
      }
    },
    "nixpkgs-unstable": {
      "locked": {
        "lastModified": 1665259268,
        "narHash": "sha256-ONFhHBLv5nZKhwV/F2GOH16197PbvpyWhoO0AOyktkU=",
        "owner": "NixOS",
        "repo": "nixpkgs",
        "rev": "c5924154f000e6306030300592f4282949b2db6c",
        "type": "github"
      },
      "original": {
        "id": "nixpkgs",
        "ref": "nixos-unstable",
        "type": "indirect"
      }
    },
    "root": {
      "inputs": {
        "agenix": "agenix",
        "devshell": "devshell",
        "flake-utils": "flake-utils_2",
        "home-manager": "home-manager",
        "nixos-hardware": "nixos-hardware",
        "nixpkgs": "nixpkgs",
        "nixpkgs-unstable": "nixpkgs-unstable"
      }
    }
  },
  "root": "root",
  "version": 7
}
